// !$*UTF8*$!
{
	archiveVersion = 1;
	classes = {
	};
	objectVersion = 55;
	objects = {

/* Begin PBXBuildFile section */
		C6BE7A3E2792AF8F00C2696A /* TestDrivenDevelopmentApp.swift in Sources */ = {isa = PBXBuildFile; fileRef = C6BE7A3D2792AF8F00C2696A /* TestDrivenDevelopmentApp.swift */; };
		C6BE7A402792AF8F00C2696A /* ContentView.swift in Sources */ = {isa = PBXBuildFile; fileRef = C6BE7A3F2792AF8F00C2696A /* ContentView.swift */; };
		C6BE7A422792AF9200C2696A /* Assets.xcassets in Resources */ = {isa = PBXBuildFile; fileRef = C6BE7A412792AF9200C2696A /* Assets.xcassets */; };
		C6BE7A452792AF9200C2696A /* Preview Assets.xcassets in Resources */ = {isa = PBXBuildFile; fileRef = C6BE7A442792AF9200C2696A /* Preview Assets.xcassets */; };
		C6BE7A4F2792AF9200C2696A /* TestSetting.swift in Sources */ = {isa = PBXBuildFile; fileRef = C6BE7A4E2792AF9200C2696A /* TestSetting.swift */; };
		C6BE7A592792AF9200C2696A /* TestDrivenDevelopmentUITests.swift in Sources */ = {isa = PBXBuildFile; fileRef = C6BE7A582792AF9200C2696A /* TestDrivenDevelopmentUITests.swift */; };
		C6BE7A5B2792AF9200C2696A /* TestDrivenDevelopmentUITestsLaunchTests.swift in Sources */ = {isa = PBXBuildFile; fileRef = C6BE7A5A2792AF9200C2696A /* TestDrivenDevelopmentUITestsLaunchTests.swift */; };
		C6BE7A692792B2B300C2696A /* StepOne.swift in Sources */ = {isa = PBXBuildFile; fileRef = C6BE7A682792B2B300C2696A /* StepOne.swift */; };
/* End PBXBuildFile section */

/* Begin PBXContainerItemProxy section */
		C6BE7A4B2792AF9200C2696A /* PBXContainerItemProxy */ = {
			isa = PBXContainerItemProxy;
			containerPortal = C6BE7A322792AF8F00C2696A /* Project object */;
			proxyType = 1;
			remoteGlobalIDString = C6BE7A392792AF8F00C2696A;
			remoteInfo = TestDrivenDevelopment;
		};
		C6BE7A552792AF9200C2696A /* PBXContainerItemProxy */ = {
			isa = PBXContainerItemProxy;
			containerPortal = C6BE7A322792AF8F00C2696A /* Project object */;
			proxyType = 1;
			remoteGlobalIDString = C6BE7A392792AF8F00C2696A;
			remoteInfo = TestDrivenDevelopment;
		};
/* End PBXContainerItemProxy section */

/* Begin PBXFileReference section */
		C6BE7A3A2792AF8F00C2696A /* TestDrivenDevelopment.app */ = {isa = PBXFileReference; explicitFileType = wrapper.application; includeInIndex = 0; path = TestDrivenDevelopment.app; sourceTree = BUILT_PRODUCTS_DIR; };
		C6BE7A3D2792AF8F00C2696A /* TestDrivenDevelopmentApp.swift */ = {isa = PBXFileReference; lastKnownFileType = sourcecode.swift; path = TestDrivenDevelopmentApp.swift; sourceTree = "<group>"; };
		C6BE7A3F2792AF8F00C2696A /* ContentView.swift */ = {isa = PBXFileReference; lastKnownFileType = sourcecode.swift; path = ContentView.swift; sourceTree = "<group>"; };
		C6BE7A412792AF9200C2696A /* Assets.xcassets */ = {isa = PBXFileReference; lastKnownFileType = folder.assetcatalog; path = Assets.xcassets; sourceTree = "<group>"; };
		C6BE7A442792AF9200C2696A /* Preview Assets.xcassets */ = {isa = PBXFileReference; lastKnownFileType = folder.assetcatalog; path = "Preview Assets.xcassets"; sourceTree = "<group>"; };
		C6BE7A4A2792AF9200C2696A /* TestDrivenDevelopmentTests.xctest */ = {isa = PBXFileReference; explicitFileType = wrapper.cfbundle; includeInIndex = 0; path = TestDrivenDevelopmentTests.xctest; sourceTree = BUILT_PRODUCTS_DIR; };
		C6BE7A4E2792AF9200C2696A /* TestSetting.swift */ = {isa = PBXFileReference; lastKnownFileType = sourcecode.swift; path = TestSetting.swift; sourceTree = "<group>"; };
		C6BE7A542792AF9200C2696A /* TestDrivenDevelopmentUITests.xctest */ = {isa = PBXFileReference; explicitFileType = wrapper.cfbundle; includeInIndex = 0; path = TestDrivenDevelopmentUITests.xctest; sourceTree = BUILT_PRODUCTS_DIR; };
		C6BE7A582792AF9200C2696A /* TestDrivenDevelopmentUITests.swift */ = {isa = PBXFileReference; lastKnownFileType = sourcecode.swift; path = TestDrivenDevelopmentUITests.swift; sourceTree = "<group>"; };
		C6BE7A5A2792AF9200C2696A /* TestDrivenDevelopmentUITestsLaunchTests.swift */ = {isa = PBXFileReference; lastKnownFileType = sourcecode.swift; path = TestDrivenDevelopmentUITestsLaunchTests.swift; sourceTree = "<group>"; };
		C6BE7A682792B2B300C2696A /* StepOne.swift */ = {isa = PBXFileReference; lastKnownFileType = sourcecode.swift; path = StepOne.swift; sourceTree = "<group>"; };
/* End PBXFileReference section */

/* Begin PBXFrameworksBuildPhase section */
		C6BE7A372792AF8F00C2696A /* Frameworks */ = {
			isa = PBXFrameworksBuildPhase;
			buildActionMask = 2147483647;
			files = (
			);
			runOnlyForDeploymentPostprocessing = 0;
		};
		C6BE7A472792AF9200C2696A /* Frameworks */ = {
			isa = PBXFrameworksBuildPhase;
			buildActionMask = 2147483647;
			files = (
			);
			runOnlyForDeploymentPostprocessing = 0;
		};
		C6BE7A512792AF9200C2696A /* Frameworks */ = {
			isa = PBXFrameworksBuildPhase;
			buildActionMask = 2147483647;
			files = (
			);
			runOnlyForDeploymentPostprocessing = 0;
		};
/* End PBXFrameworksBuildPhase section */

/* Begin PBXGroup section */
		C6BE7A312792AF8F00C2696A = {
			isa = PBXGroup;
			children = (
				C6BE7A3C2792AF8F00C2696A /* Project */,
				C6BE7A572792AF9200C2696A /* UITests */,
				C6BE7A4D2792AF9200C2696A /* Tests */,
				C6BE7A3B2792AF8F00C2696A /* Products */,
			);
			sourceTree = "<group>";
		};
		C6BE7A3B2792AF8F00C2696A /* Products */ = {
			isa = PBXGroup;
			children = (
				C6BE7A3A2792AF8F00C2696A /* TestDrivenDevelopment.app */,
				C6BE7A4A2792AF9200C2696A /* TestDrivenDevelopmentTests.xctest */,
				C6BE7A542792AF9200C2696A /* TestDrivenDevelopmentUITests.xctest */,
			);
			name = Products;
			sourceTree = "<group>";
		};
		C6BE7A3C2792AF8F00C2696A /* Project */ = {
			isa = PBXGroup;
			children = (
				C6BE7A672792AFCF00C2696A /* View */,
			);
			path = Project;
			sourceTree = "<group>";
		};
		C6BE7A432792AF9200C2696A /* Preview Content */ = {
			isa = PBXGroup;
			children = (
				C6BE7A442792AF9200C2696A /* Preview Assets.xcassets */,
			);
			path = "Preview Content";
			sourceTree = "<group>";
		};
		C6BE7A4D2792AF9200C2696A /* Tests */ = {
			isa = PBXGroup;
			children = (
				C6BE7A4E2792AF9200C2696A /* TestSetting.swift */,
				C6BE7A682792B2B300C2696A /* StepOne.swift */,
			);
			path = Tests;
			sourceTree = "<group>";
		};
		C6BE7A572792AF9200C2696A /* UITests */ = {
			isa = PBXGroup;
			children = (
				C6BE7A582792AF9200C2696A /* TestDrivenDevelopmentUITests.swift */,
				C6BE7A5A2792AF9200C2696A /* TestDrivenDevelopmentUITestsLaunchTests.swift */,
			);
			path = UITests;
			sourceTree = "<group>";
		};
		C6BE7A672792AFCF00C2696A /* View */ = {
			isa = PBXGroup;
			children = (
				C6BE7A3D2792AF8F00C2696A /* TestDrivenDevelopmentApp.swift */,
				C6BE7A3F2792AF8F00C2696A /* ContentView.swift */,
				C6BE7A412792AF9200C2696A /* Assets.xcassets */,
				C6BE7A432792AF9200C2696A /* Preview Content */,
			);
			path = View;
			sourceTree = "<group>";
		};
/* End PBXGroup section */

/* Begin PBXNativeTarget section */
		C6BE7A392792AF8F00C2696A /* TestDrivenDevelopment */ = {
			isa = PBXNativeTarget;
			buildConfigurationList = C6BE7A5E2792AF9200C2696A /* Build configuration list for PBXNativeTarget "TestDrivenDevelopment" */;
			buildPhases = (
				C6BE7A362792AF8F00C2696A /* Sources */,
				C6BE7A372792AF8F00C2696A /* Frameworks */,
				C6BE7A382792AF8F00C2696A /* Resources */,
			);
			buildRules = (
			);
			dependencies = (
			);
			name = TestDrivenDevelopment;
			productName = TestDrivenDevelopment;
			productReference = C6BE7A3A2792AF8F00C2696A /* TestDrivenDevelopment.app */;
			productType = "com.apple.product-type.application";
		};
		C6BE7A492792AF9200C2696A /* TestDrivenDevelopmentTests */ = {
			isa = PBXNativeTarget;
			buildConfigurationList = C6BE7A612792AF9200C2696A /* Build configuration list for PBXNativeTarget "TestDrivenDevelopmentTests" */;
			buildPhases = (
				C6BE7A462792AF9200C2696A /* Sources */,
				C6BE7A472792AF9200C2696A /* Frameworks */,
				C6BE7A482792AF9200C2696A /* Resources */,
			);
			buildRules = (
			);
			dependencies = (
				C6BE7A4C2792AF9200C2696A /* PBXTargetDependency */,
			);
			name = TestDrivenDevelopmentTests;
			productName = TestDrivenDevelopmentTests;
			productReference = C6BE7A4A2792AF9200C2696A /* TestDrivenDevelopmentTests.xctest */;
			productType = "com.apple.product-type.bundle.unit-test";
		};
		C6BE7A532792AF9200C2696A /* TestDrivenDevelopmentUITests */ = {
			isa = PBXNativeTarget;
			buildConfigurationList = C6BE7A642792AF9200C2696A /* Build configuration list for PBXNativeTarget "TestDrivenDevelopmentUITests" */;
			buildPhases = (
				C6BE7A502792AF9200C2696A /* Sources */,
				C6BE7A512792AF9200C2696A /* Frameworks */,
				C6BE7A522792AF9200C2696A /* Resources */,
			);
			buildRules = (
			);
			dependencies = (
				C6BE7A562792AF9200C2696A /* PBXTargetDependency */,
			);
			name = TestDrivenDevelopmentUITests;
			productName = TestDrivenDevelopmentUITests;
			productReference = C6BE7A542792AF9200C2696A /* TestDrivenDevelopmentUITests.xctest */;
			productType = "com.apple.product-type.bundle.ui-testing";
		};
/* End PBXNativeTarget section */

/* Begin PBXProject section */
		C6BE7A322792AF8F00C2696A /* Project object */ = {
			isa = PBXProject;
			attributes = {
				BuildIndependentTargetsInParallel = 1;
				LastSwiftUpdateCheck = 1300;
				LastUpgradeCheck = 1300;
				TargetAttributes = {
					C6BE7A392792AF8F00C2696A = {
						CreatedOnToolsVersion = 13.0;
					};
					C6BE7A492792AF9200C2696A = {
						CreatedOnToolsVersion = 13.0;
						TestTargetID = C6BE7A392792AF8F00C2696A;
					};
					C6BE7A532792AF9200C2696A = {
						CreatedOnToolsVersion = 13.0;
						TestTargetID = C6BE7A392792AF8F00C2696A;
					};
				};
			};
			buildConfigurationList = C6BE7A352792AF8F00C2696A /* Build configuration list for PBXProject "TestDrivenDevelopment" */;
			compatibilityVersion = "Xcode 13.0";
			developmentRegion = en;
			hasScannedForEncodings = 0;
			knownRegions = (
				en,
				Base,
			);
			mainGroup = C6BE7A312792AF8F00C2696A;
			productRefGroup = C6BE7A3B2792AF8F00C2696A /* Products */;
			projectDirPath = "";
			projectRoot = "";
			targets = (
				C6BE7A392792AF8F00C2696A /* TestDrivenDevelopment */,
				C6BE7A492792AF9200C2696A /* TestDrivenDevelopmentTests */,
				C6BE7A532792AF9200C2696A /* TestDrivenDevelopmentUITests */,
			);
		};
/* End PBXProject section */

/* Begin PBXResourcesBuildPhase section */
		C6BE7A382792AF8F00C2696A /* Resources */ = {
			isa = PBXResourcesBuildPhase;
			buildActionMask = 2147483647;
			files = (
				C6BE7A452792AF9200C2696A /* Preview Assets.xcassets in Resources */,
				C6BE7A422792AF9200C2696A /* Assets.xcassets in Resources */,
			);
			runOnlyForDeploymentPostprocessing = 0;
		};
		C6BE7A482792AF9200C2696A /* Resources */ = {
			isa = PBXResourcesBuildPhase;
			buildActionMask = 2147483647;
			files = (
			);
			runOnlyForDeploymentPostprocessing = 0;
		};
		C6BE7A522792AF9200C2696A /* Resources */ = {
			isa = PBXResourcesBuildPhase;
			buildActionMask = 2147483647;
			files = (
			);
			runOnlyForDeploymentPostprocessing = 0;
		};
/* End PBXResourcesBuildPhase section */

/* Begin PBXSourcesBuildPhase section */
		C6BE7A362792AF8F00C2696A /* Sources */ = {
			isa = PBXSourcesBuildPhase;
			buildActionMask = 2147483647;
			files = (
				C6BE7A402792AF8F00C2696A /* ContentView.swift in Sources */,
				C6BE7A3E2792AF8F00C2696A /* TestDrivenDevelopmentApp.swift in Sources */,
			);
			runOnlyForDeploymentPostprocessing = 0;
		};
		C6BE7A462792AF9200C2696A /* Sources */ = {
			isa = PBXSourcesBuildPhase;
			buildActionMask = 2147483647;
			files = (
				C6BE7A4F2792AF9200C2696A /* TestSetting.swift in Sources */,
				C6BE7A692792B2B300C2696A /* StepOne.swift in Sources */,
			);
			runOnlyForDeploymentPostprocessing = 0;
		};
		C6BE7A502792AF9200C2696A /* Sources */ = {
			isa = PBXSourcesBuildPhase;
			buildActionMask = 2147483647;
			files = (
				C6BE7A5B2792AF9200C2696A /* TestDrivenDevelopmentUITestsLaunchTests.swift in Sources */,
				C6BE7A592792AF9200C2696A /* TestDrivenDevelopmentUITests.swift in Sources */,
			);
			runOnlyForDeploymentPostprocessing = 0;
		};
/* End PBXSourcesBuildPhase section */

/* Begin PBXTargetDependency section */
		C6BE7A4C2792AF9200C2696A /* PBXTargetDependency */ = {
			isa = PBXTargetDependency;
			target = C6BE7A392792AF8F00C2696A /* TestDrivenDevelopment */;
			targetProxy = C6BE7A4B2792AF9200C2696A /* PBXContainerItemProxy */;
		};
		C6BE7A562792AF9200C2696A /* PBXTargetDependency */ = {
			isa = PBXTargetDependency;
			target = C6BE7A392792AF8F00C2696A /* TestDrivenDevelopment */;
			targetProxy = C6BE7A552792AF9200C2696A /* PBXContainerItemProxy */;
		};
/* End PBXTargetDependency section */

/* Begin XCBuildConfiguration section */
		C6BE7A5C2792AF9200C2696A /* Debug */ = {
			isa = XCBuildConfiguration;
			buildSettings = {
				ALWAYS_SEARCH_USER_PATHS = NO;
				CLANG_ANALYZER_NONNULL = YES;
				CLANG_ANALYZER_NUMBER_OBJECT_CONVERSION = YES_AGGRESSIVE;
				CLANG_CXX_LANGUAGE_STANDARD = "gnu++17";
				CLANG_CXX_LIBRARY = "libc++";
				CLANG_ENABLE_MODULES = YES;
				CLANG_ENABLE_OBJC_ARC = YES;
				CLANG_ENABLE_OBJC_WEAK = YES;
				CLANG_WARN_BLOCK_CAPTURE_AUTORELEASING = YES;
				CLANG_WARN_BOOL_CONVERSION = YES;
				CLANG_WARN_COMMA = YES;
				CLANG_WARN_CONSTANT_CONVERSION = YES;
				CLANG_WARN_DEPRECATED_OBJC_IMPLEMENTATIONS = YES;
				CLANG_WARN_DIRECT_OBJC_ISA_USAGE = YES_ERROR;
				CLANG_WARN_DOCUMENTATION_COMMENTS = YES;
				CLANG_WARN_EMPTY_BODY = YES;
				CLANG_WARN_ENUM_CONVERSION = YES;
				CLANG_WARN_INFINITE_RECURSION = YES;
				CLANG_WARN_INT_CONVERSION = YES;
				CLANG_WARN_NON_LITERAL_NULL_CONVERSION = YES;
				CLANG_WARN_OBJC_IMPLICIT_RETAIN_SELF = YES;
				CLANG_WARN_OBJC_LITERAL_CONVERSION = YES;
				CLANG_WARN_OBJC_ROOT_CLASS = YES_ERROR;
				CLANG_WARN_QUOTED_INCLUDE_IN_FRAMEWORK_HEADER = YES;
				CLANG_WARN_RANGE_LOOP_ANALYSIS = YES;
				CLANG_WARN_STRICT_PROTOTYPES = YES;
				CLANG_WARN_SUSPICIOUS_MOVE = YES;
				CLANG_WARN_UNGUARDED_AVAILABILITY = YES_AGGRESSIVE;
				CLANG_WARN_UNREACHABLE_CODE = YES;
				CLANG_WARN__DUPLICATE_METHOD_MATCH = YES;
				COPY_PHASE_STRIP = NO;
				DEBUG_INFORMATION_FORMAT = dwarf;
				ENABLE_STRICT_OBJC_MSGSEND = YES;
				ENABLE_TESTABILITY = YES;
				GCC_C_LANGUAGE_STANDARD = gnu11;
				GCC_DYNAMIC_NO_PIC = NO;
				GCC_NO_COMMON_BLOCKS = YES;
				GCC_OPTIMIZATION_LEVEL = 0;
				GCC_PREPROCESSOR_DEFINITIONS = (
					"DEBUG=1",
					"$(inherited)",
				);
				GCC_WARN_64_TO_32_BIT_CONVERSION = YES;
				GCC_WARN_ABOUT_RETURN_TYPE = YES_ERROR;
				GCC_WARN_UNDECLARED_SELECTOR = YES;
				GCC_WARN_UNINITIALIZED_AUTOS = YES_AGGRESSIVE;
				GCC_WARN_UNUSED_FUNCTION = YES;
				GCC_WARN_UNUSED_VARIABLE = YES;
				IPHONEOS_DEPLOYMENT_TARGET = 15.0;
				MTL_ENABLE_DEBUG_INFO = INCLUDE_SOURCE;
				MTL_FAST_MATH = YES;
				ONLY_ACTIVE_ARCH = YES;
				SDKROOT = iphoneos;
				SWIFT_ACTIVE_COMPILATION_CONDITIONS = DEBUG;
				SWIFT_OPTIMIZATION_LEVEL = "-Onone";
			};
			name = Debug;
		};
		C6BE7A5D2792AF9200C2696A /* Release */ = {
			isa = XCBuildConfiguration;
			buildSettings = {
				ALWAYS_SEARCH_USER_PATHS = NO;
				CLANG_ANALYZER_NONNULL = YES;
				CLANG_ANALYZER_NUMBER_OBJECT_CONVERSION = YES_AGGRESSIVE;
				CLANG_CXX_LANGUAGE_STANDARD = "gnu++17";
				CLANG_CXX_LIBRARY = "libc++";
				CLANG_ENABLE_MODULES = YES;
				CLANG_ENABLE_OBJC_ARC = YES;
				CLANG_ENABLE_OBJC_WEAK = YES;
				CLANG_WARN_BLOCK_CAPTURE_AUTORELEASING = YES;
				CLANG_WARN_BOOL_CONVERSION = YES;
				CLANG_WARN_COMMA = YES;
				CLANG_WARN_CONSTANT_CONVERSION = YES;
				CLANG_WARN_DEPRECATED_OBJC_IMPLEMENTATIONS = YES;
				CLANG_WARN_DIRECT_OBJC_ISA_USAGE = YES_ERROR;
				CLANG_WARN_DOCUMENTATION_COMMENTS = YES;
				CLANG_WARN_EMPTY_BODY = YES;
				CLANG_WARN_ENUM_CONVERSION = YES;
				CLANG_WARN_INFINITE_RECURSION = YES;
				CLANG_WARN_INT_CONVERSION = YES;
				CLANG_WARN_NON_LITERAL_NULL_CONVERSION = YES;
				CLANG_WARN_OBJC_IMPLICIT_RETAIN_SELF = YES;
				CLANG_WARN_OBJC_LITERAL_CONVERSION = YES;
				CLANG_WARN_OBJC_ROOT_CLASS = YES_ERROR;
				CLANG_WARN_QUOTED_INCLUDE_IN_FRAMEWORK_HEADER = YES;
				CLANG_WARN_RANGE_LOOP_ANALYSIS = YES;
				CLANG_WARN_STRICT_PROTOTYPES = YES;
				CLANG_WARN_SUSPICIOUS_MOVE = YES;
				CLANG_WARN_UNGUARDED_AVAILABILITY = YES_AGGRESSIVE;
				CLANG_WARN_UNREACHABLE_CODE = YES;
				CLANG_WARN__DUPLICATE_METHOD_MATCH = YES;
				COPY_PHASE_STRIP = NO;
				DEBUG_INFORMATION_FORMAT = "dwarf-with-dsym";
				ENABLE_NS_ASSERTIONS = NO;
				ENABLE_STRICT_OBJC_MSGSEND = YES;
				GCC_C_LANGUAGE_STANDARD = gnu11;
				GCC_NO_COMMON_BLOCKS = YES;
				GCC_WARN_64_TO_32_BIT_CONVERSION = YES;
				GCC_WARN_ABOUT_RETURN_TYPE = YES_ERROR;
				GCC_WARN_UNDECLARED_SELECTOR = YES;
				GCC_WARN_UNINITIALIZED_AUTOS = YES_AGGRESSIVE;
				GCC_WARN_UNUSED_FUNCTION = YES;
				GCC_WARN_UNUSED_VARIABLE = YES;
				IPHONEOS_DEPLOYMENT_TARGET = 15.0;
				MTL_ENABLE_DEBUG_INFO = NO;
				MTL_FAST_MATH = YES;
				SDKROOT = iphoneos;
				SWIFT_COMPILATION_MODE = wholemodule;
				SWIFT_OPTIMIZATION_LEVEL = "-O";
				VALIDATE_PRODUCT = YES;
			};
			name = Release;
		};
		C6BE7A5F2792AF9200C2696A /* Debug */ = {
			isa = XCBuildConfiguration;
			buildSettings = {
				ASSETCATALOG_COMPILER_APPICON_NAME = AppIcon;
				ASSETCATALOG_COMPILER_GLOBAL_ACCENT_COLOR_NAME = AccentColor;
				CODE_SIGN_STYLE = Automatic;
				CURRENT_PROJECT_VERSION = 1;
				DEVELOPMENT_ASSET_PATHS = "\"Project/View/Preview Content\"";
				ENABLE_PREVIEWS = YES;
				GENERATE_INFOPLIST_FILE = YES;
				INFOPLIST_KEY_UIApplicationSceneManifest_Generation = YES;
				INFOPLIST_KEY_UIApplicationSupportsIndirectInputEvents = YES;
				INFOPLIST_KEY_UILaunchScreen_Generation = YES;
				INFOPLIST_KEY_UISupportedInterfaceOrientations_iPad = "UIInterfaceOrientationPortrait UIInterfaceOrientationPortraitUpsideDown UIInterfaceOrientationLandscapeLeft UIInterfaceOrientationLandscapeRight";
				INFOPLIST_KEY_UISupportedInterfaceOrientations_iPhone = "UIInterfaceOrientationPortrait UIInterfaceOrientationLandscapeLeft UIInterfaceOrientationLandscapeRight";
				IPHONEOS_DEPLOYMENT_TARGET = 14.0;
				LD_RUNPATH_SEARCH_PATHS = (
					"$(inherited)",
					"@executable_path/Frameworks",
				);
				MARKETING_VERSION = 1.0;
				PRODUCT_BUNDLE_IDENTIFIER = KangKyung.TestDrivenDevelopment;
				PRODUCT_NAME = "$(TARGET_NAME)";
				SWIFT_EMIT_LOC_STRINGS = YES;
				SWIFT_VERSION = 5.0;
				TARGETED_DEVICE_FAMILY = "1,2";
			};
			name = Debug;
		};
		C6BE7A602792AF9200C2696A /* Release */ = {
			isa = XCBuildConfiguration;
			buildSettings = {
				ASSETCATALOG_COMPILER_APPICON_NAME = AppIcon;
				ASSETCATALOG_COMPILER_GLOBAL_ACCENT_COLOR_NAME = AccentColor;
				CODE_SIGN_STYLE = Automatic;
				CURRENT_PROJECT_VERSION = 1;
				DEVELOPMENT_ASSET_PATHS = "\"Project/View/Preview Content\"";
				ENABLE_PREVIEWS = YES;
				GENERATE_INFOPLIST_FILE = YES;
				INFOPLIST_KEY_UIApplicationSceneManifest_Generation = YES;
				INFOPLIST_KEY_UIApplicationSupportsIndirectInputEvents = YES;
				INFOPLIST_KEY_UILaunchScreen_Generation = YES;
				INFOPLIST_KEY_UISupportedInterfaceOrientations_iPad = "UIInterfaceOrientationPortrait UIInterfaceOrientationPortraitUpsideDown UIInterfaceOrientationLandscapeLeft UIInterfaceOrientationLandscapeRight";
				INFOPLIST_KEY_UISupportedInterfaceOrientations_iPhone = "UIInterfaceOrientationPortrait UIInterfaceOrientationLandscapeLeft UIInterfaceOrientationLandscapeRight";
				IPHONEOS_DEPLOYMENT_TARGET = 14.0;
				LD_RUNPATH_SEARCH_PATHS = (
					"$(inherited)",
					"@executable_path/Frameworks",
				);
				MARKETING_VERSION = 1.0;
				PRODUCT_BUNDLE_IDENTIFIER = KangKyung.TestDrivenDevelopment;
				PRODUCT_NAME = "$(TARGET_NAME)";
				SWIFT_EMIT_LOC_STRINGS = YES;
				SWIFT_VERSION = 5.0;
				TARGETED_DEVICE_FAMILY = "1,2";
			};
			name = Release;
		};
		C6BE7A622792AF9200C2696A /* Debug */ = {
			isa = XCBuildConfiguration;
			buildSettings = {
				ALWAYS_EMBED_SWIFT_STANDARD_LIBRARIES = YES;
				BUNDLE_LOADER = "$(TEST_HOST)";
				CODE_SIGN_STYLE = Automatic;
				CURRENT_PROJECT_VERSION = 1;
				GENERATE_INFOPLIST_FILE = YES;
				IPHONEOS_DEPLOYMENT_TARGET = 14.0;
				LD_RUNPATH_SEARCH_PATHS = (
					"$(inherited)",
					"@executable_path/Frameworks",
					"@loader_path/Frameworks",
				);
				MARKETING_VERSION = 1.0;
				PRODUCT_BUNDLE_IDENTIFIER = KangKyung.TestDrivenDevelopmentTests;
				PRODUCT_NAME = "$(TARGET_NAME)";
				SWIFT_EMIT_LOC_STRINGS = NO;
				SWIFT_VERSION = 5.0;
				TARGETED_DEVICE_FAMILY = "1,2";
				TEST_HOST = "$(BUILT_PRODUCTS_DIR)/TestDrivenDevelopment.app/TestDrivenDevelopment";
			};
			name = Debug;
		};
		C6BE7A632792AF9200C2696A /* Release */ = {
			isa = XCBuildConfiguration;
			buildSettings = {
				ALWAYS_EMBED_SWIFT_STANDARD_LIBRARIES = YES;
				BUNDLE_LOADER = "$(TEST_HOST)";
				CODE_SIGN_STYLE = Automatic;
				CURRENT_PROJECT_VERSION = 1;
				GENERATE_INFOPLIST_FILE = YES;
				IPHONEOS_DEPLOYMENT_TARGET = 14.0;
				LD_RUNPATH_SEARCH_PATHS = (
					"$(inherited)",
					"@executable_path/Frameworks",
					"@loader_path/Frameworks",
				);
				MARKETING_VERSION = 1.0;
				PRODUCT_BUNDLE_IDENTIFIER = KangKyung.TestDrivenDevelopmentTests;
				PRODUCT_NAME = "$(TARGET_NAME)";
				SWIFT_EMIT_LOC_STRINGS = NO;
				SWIFT_VERSION = 5.0;
				TARGETED_DEVICE_FAMILY = "1,2";
				TEST_HOST = "$(BUILT_PRODUCTS_DIR)/TestDrivenDevelopment.app/TestDrivenDevelopment";
			};
			name = Release;
		};
		C6BE7A652792AF9200C2696A /* Debug */ = {
			isa = XCBuildConfiguration;
			buildSettings = {
				ALWAYS_EMBED_SWIFT_STANDARD_LIBRARIES = YES;
				CODE_SIGN_STYLE = Automatic;
				CURRENT_PROJECT_VERSION = 1;
				GENERATE_INFOPLIST_FILE = YES;
				LD_RUNPATH_SEARCH_PATHS = (
					"$(inherited)",
					"@executable_path/Frameworks",
					"@loader_path/Frameworks",
				);
				MARKETING_VERSION = 1.0;
				PRODUCT_BUNDLE_IDENTIFIER = KangKyung.TestDrivenDevelopmentUITests;
				PRODUCT_NAME = "$(TARGET_NAME)";
				SWIFT_EMIT_LOC_STRINGS = NO;
				SWIFT_VERSION = 5.0;
				TARGETED_DEVICE_FAMILY = "1,2";
				TEST_TARGET_NAME = TestDrivenDevelopment;
			};
			name = Debug;
		};
		C6BE7A662792AF9200C2696A /* Release */ = {
			isa = XCBuildConfiguration;
			buildSettings = {
				ALWAYS_EMBED_SWIFT_STANDARD_LIBRARIES = YES;
				CODE_SIGN_STYLE = Automatic;
				CURRENT_PROJECT_VERSION = 1;
				GENERATE_INFOPLIST_FILE = YES;
				LD_RUNPATH_SEARCH_PATHS = (
					"$(inherited)",
					"@executable_path/Frameworks",
					"@loader_path/Frameworks",
				);
				MARKETING_VERSION = 1.0;
				PRODUCT_BUNDLE_IDENTIFIER = KangKyung.TestDrivenDevelopmentUITests;
				PRODUCT_NAME = "$(TARGET_NAME)";
				SWIFT_EMIT_LOC_STRINGS = NO;
				SWIFT_VERSION = 5.0;
				TARGETED_DEVICE_FAMILY = "1,2";
				TEST_TARGET_NAME = TestDrivenDevelopment;
			};
			name = Release;
		};
/* End XCBuildConfiguration section */

/* Begin XCConfigurationList section */
		C6BE7A352792AF8F00C2696A /* Build configuration list for PBXProject "TestDrivenDevelopment" */ = {
			isa = XCConfigurationList;
			buildConfigurations = (
				C6BE7A5C2792AF9200C2696A /* Debug */,
				C6BE7A5D2792AF9200C2696A /* Release */,
			);
			defaultConfigurationIsVisible = 0;
			defaultConfigurationName = Release;
		};
		C6BE7A5E2792AF9200C2696A /* Build configuration list for PBXNativeTarget "TestDrivenDevelopment" */ = {
			isa = XCConfigurationList;
			buildConfigurations = (
				C6BE7A5F2792AF9200C2696A /* Debug */,
				C6BE7A602792AF9200C2696A /* Release */,
			);
			defaultConfigurationIsVisible = 0;
			defaultConfigurationName = Release;
		};
		C6BE7A612792AF9200C2696A /* Build configuration list for PBXNativeTarget "TestDrivenDevelopmentTests" */ = {
			isa = XCConfigurationList;
			buildConfigurations = (
				C6BE7A622792AF9200C2696A /* Debug */,
				C6BE7A632792AF9200C2696A /* Release */,
			);
			defaultConfigurationIsVisible = 0;
			defaultConfigurationName = Release;
		};
		C6BE7A642792AF9200C2696A /* Build configuration list for PBXNativeTarget "TestDrivenDevelopmentUITests" */ = {
			isa = XCConfigurationList;
			buildConfigurations = (
				C6BE7A652792AF9200C2696A /* Debug */,
				C6BE7A662792AF9200C2696A /* Release */,
			);
			defaultConfigurationIsVisible = 0;
			defaultConfigurationName = Release;
		};
/* End XCConfigurationList section */
	};
	rootObject = C6BE7A322792AF8F00C2696A /* Project object */;
}
